
Microsoft Visual Studio Solution File, Format Version 12.00
# Visual Studio 15
VisualStudioVersion = 15.0.27703.2035
MinimumVisualStudioVersion = 10.0.40219.1
Project("{FAE04EC0-301F-11D3-BF4B-00C04F79EFBC}") = "RPS", "RPS\RPS.csproj", "{E8E1BE7D-BC82-41BE-8A6D-6E46A4C1CCD8}"
EndProject
Global
	GlobalSection(SolutionConfigurationPlatforms) = preSolution
		Debug|Any CPU = Debug|Any CPU
		Release|Any CPU = Release|Any CPU
	EndGlobalSection
	GlobalSection(ProjectConfigurationPlatforms) = postSolution
		{E8E1BE7D-BC82-41BE-8A6D-6E46A4C1CCD8}.Debug|Any CPU.ActiveCfg = Debug|Any CPU
		{E8E1BE7D-BC82-41BE-8A6D-6E46A4C1CCD8}.Debug|Any CPU.Build.0 = Debug|Any CPU
		{E8E1BE7D-BC82-41BE-8A6D-6E46A4C1CCD8}.Release|Any CPU.ActiveCfg = Release|Any CPU
		{E8E1BE7D-BC82-41BE-8A6D-6E46A4C1CCD8}.Release|Any CPU.Build.0 = Release|Any CPU
	EndGlobalSection
	GlobalSection(SolutionProperties) = preSolution
		HideSolutionNode = FALSE
	EndGlobalSection
	GlobalSection(ExtensibilityGlobals) = postSolution
		SolutionGuid = {5BDCC7D8-E759-472E-B1E6-934C6FDC8D8C}
	EndGlobalSection
EndGlobal
